
Microsoft Visual Studio Solution File, Format Version 12.00
# Visual Studio Version 16
VisualStudioVersion = 16.0.31019.194
MinimumVisualStudioVersion = 10.0.40219.1
Project("{9A19103F-16F7-4668-BE54-9A1E7A4F7556}") = "SmartHomeIntegrations.Server", "SmartHomeIntegrations.Server\SmartHomeIntegrations.Server.csproj", "{D4C6A8DA-463D-4A81-A820-F402A52BFB71}"
EndProject
Project("{FAE04EC0-301F-11D3-BF4B-00C04F79EFBC}") = "SmartHomeIntegrations.FaceRecognition", "SmartHomeIntegrations.FaceRecognition\SmartHomeIntegrations.FaceRecognition.csproj", "{B5D0EAC0-C5BE-49B1-BF97-C6762FE7746E}"
EndProject
Global
	GlobalSection(SolutionConfigurationPlatforms) = preSolution
		Debug|Any CPU = Debug|Any CPU
		Release|Any CPU = Release|Any CPU
	EndGlobalSection
	GlobalSection(ProjectConfigurationPlatforms) = postSolution
		{D4C6A8DA-463D-4A81-A820-F402A52BFB71}.Debug|Any CPU.ActiveCfg = Debug|Any CPU
		{D4C6A8DA-463D-4A81-A820-F402A52BFB71}.Debug|Any CPU.Build.0 = Debug|Any CPU
		{D4C6A8DA-463D-4A81-A820-F402A52BFB71}.Release|Any CPU.ActiveCfg = Release|Any CPU
		{D4C6A8DA-463D-4A81-A820-F402A52BFB71}.Release|Any CPU.Build.0 = Release|Any CPU
		{B5D0EAC0-C5BE-49B1-BF97-C6762FE7746E}.Debug|Any CPU.ActiveCfg = Debug|Any CPU
		{B5D0EAC0-C5BE-49B1-BF97-C6762FE7746E}.Debug|Any CPU.Build.0 = Debug|Any CPU
		{B5D0EAC0-C5BE-49B1-BF97-C6762FE7746E}.Release|Any CPU.ActiveCfg = Release|Any CPU
		{B5D0EAC0-C5BE-49B1-BF97-C6762FE7746E}.Release|Any CPU.Build.0 = Release|Any CPU
	EndGlobalSection
	GlobalSection(SolutionProperties) = preSolution
		HideSolutionNode = FALSE
	EndGlobalSection
	GlobalSection(ExtensibilityGlobals) = postSolution
		SolutionGuid = {619A99CD-70A5-4881-A21D-9B1D1E77AAA9}
	EndGlobalSection
EndGlobal
